[{<<"cowboy">>,
  {git,"git://github.com/ninenines/cowboy",
       {ref,"25912dfc05e45e0f4453f689410fce80a1af69ab"}},
  0},
 {<<"cowlib">>,
  {git,"https://github.com/ninenines/cowlib",
       {ref,"b5d5d674b160433f9ddf18e5b034cceb8f2bdab4"}},
  1},
 {<<"mochiweb">>,{pkg,<<"mochiweb">>,<<"2.12.2">>},1},
 {<<"ranch">>,
  {git,"https://github.com/ninenines/ranch",
       {ref,"a5d2efcde9a34ad38ab89a26d98ea5335e88625a"}},
  1},
 {<<"webmachine">>,
  {git,"git://github.com/webmachine/webmachine",
       {ref,"30f2386b008b41c07fd4a0274a9846a4020a074d"}},
  0}].
